
Microsoft Visual Studio Solution File, Format Version 12.00
# Visual Studio 14
VisualStudioVersion = 14.0.25420.1
MinimumVisualStudioVersion = 10.0.40219.1
Project("{FAE04EC0-301F-11D3-BF4B-00C04F79EFBC}") = "PanoramaImageView", "PanoramaImageView\PanoramaImageView.csproj", "{68BD147A-1A00-41F0-9761-F62F3E55B685}"
EndProject
Project("{FAE04EC0-301F-11D3-BF4B-00C04F79EFBC}") = "PanoramaImageView.Lib", "PanoramaImageView.Lib\PanoramaImageView.Lib.csproj", "{4AD3A5B3-AE24-4587-86F0-C27DB252B260}"
EndProject
Global
	GlobalSection(SolutionConfigurationPlatforms) = preSolution
		Debug|Any CPU = Debug|Any CPU
		Release|Any CPU = Release|Any CPU
	EndGlobalSection
	GlobalSection(ProjectConfigurationPlatforms) = postSolution
		{68BD147A-1A00-41F0-9761-F62F3E55B685}.Debug|Any CPU.ActiveCfg = Debug|Any CPU
		{68BD147A-1A00-41F0-9761-F62F3E55B685}.Debug|Any CPU.Build.0 = Debug|Any CPU
		{68BD147A-1A00-41F0-9761-F62F3E55B685}.Debug|Any CPU.Deploy.0 = Debug|Any CPU
		{68BD147A-1A00-41F0-9761-F62F3E55B685}.Release|Any CPU.ActiveCfg = Release|Any CPU
		{68BD147A-1A00-41F0-9761-F62F3E55B685}.Release|Any CPU.Build.0 = Release|Any CPU
		{68BD147A-1A00-41F0-9761-F62F3E55B685}.Release|Any CPU.Deploy.0 = Release|Any CPU
		{4AD3A5B3-AE24-4587-86F0-C27DB252B260}.Debug|Any CPU.ActiveCfg = Debug|Any CPU
		{4AD3A5B3-AE24-4587-86F0-C27DB252B260}.Debug|Any CPU.Build.0 = Debug|Any CPU
		{4AD3A5B3-AE24-4587-86F0-C27DB252B260}.Release|Any CPU.ActiveCfg = Release|Any CPU
		{4AD3A5B3-AE24-4587-86F0-C27DB252B260}.Release|Any CPU.Build.0 = Release|Any CPU
	EndGlobalSection
	GlobalSection(SolutionProperties) = preSolution
		HideSolutionNode = FALSE
	EndGlobalSection
EndGlobal
